
Microsoft Visual Studio Solution File, Format Version 12.00
# Visual Studio Version 17
VisualStudioVersion = 17.11.35303.130
MinimumVisualStudioVersion = 10.0.40219.1
Project("{FAE04EC0-301F-11D3-BF4B-00C04F79EFBC}") = "User_Registration", "User_Registration.csproj", "{EA836142-7CCD-4AB0-BE23-F84C3C20E20E}"
EndProject
Global
	GlobalSection(SolutionConfigurationPlatforms) = preSolution
		Debug|Any CPU = Debug|Any CPU
		Release|Any CPU = Release|Any CPU
	EndGlobalSection
	GlobalSection(ProjectConfigurationPlatforms) = postSolution
		{EA836142-7CCD-4AB0-BE23-F84C3C20E20E}.Debug|Any CPU.ActiveCfg = Debug|Any CPU
		{EA836142-7CCD-4AB0-BE23-F84C3C20E20E}.Debug|Any CPU.Build.0 = Debug|Any CPU
		{EA836142-7CCD-4AB0-BE23-F84C3C20E20E}.Release|Any CPU.ActiveCfg = Release|Any CPU
		{EA836142-7CCD-4AB0-BE23-F84C3C20E20E}.Release|Any CPU.Build.0 = Release|Any CPU
	EndGlobalSection
	GlobalSection(SolutionProperties) = preSolution
		HideSolutionNode = FALSE
	EndGlobalSection
	GlobalSection(ExtensibilityGlobals) = postSolution
		SolutionGuid = {D5B43826-0B59-4DDF-AC7A-84FCE113A86A}
	EndGlobalSection
EndGlobal
